
Microsoft Visual Studio Solution File, Format Version 12.00
# Visual Studio Version 17
VisualStudioVersion = 17.1.32210.238
MinimumVisualStudioVersion = 10.0.40219.1
Project("{9A19103F-16F7-4668-BE54-9A1E7A4F7556}") = "Juros.Api", "Juros.Api\Juros.Api.csproj", "{06455E6D-A652-4FB2-B854-29D00A5703A7}"
EndProject
Project("{9A19103F-16F7-4668-BE54-9A1E7A4F7556}") = "Juros.Services", "Juros.Services\Juros.Services.csproj", "{47DA9E53-DD44-4DAB-963E-115890247560}"
EndProject
Project("{9A19103F-16F7-4668-BE54-9A1E7A4F7556}") = "Juros.DataStore", "Juros.DataStore\Juros.DataStore.csproj", "{A24D0030-CB0B-4131-A60F-4C65E2141855}"
EndProject
Project("{2150E333-8FDC-42A3-9474-1A3956D46DE8}") = "Tests", "Tests", "{43576DB7-621B-45EB-A90A-CB9F03CFE107}"
EndProject
Project("{9A19103F-16F7-4668-BE54-9A1E7A4F7556}") = "Juros.Api.Integration.Tests", "Juros.Api.Integration.Tests\Juros.Api.Integration.Tests.csproj", "{6BA7F3F0-7599-4435-9F18-FE73B88BAD98}"
EndProject
Project("{9A19103F-16F7-4668-BE54-9A1E7A4F7556}") = "Juros.Models", "Juros.Models\Juros.Models.csproj", "{77A26698-617E-492C-9E2F-59CD5DD8A86A}"
EndProject
Project("{2150E333-8FDC-42A3-9474-1A3956D46DE8}") = "Common", "Common", "{CE34D92E-5F33-490F-B566-E9B78AA18FBA}"
EndProject
Project("{9A19103F-16F7-4668-BE54-9A1E7A4F7556}") = "Juros.Common.DataCreate", "Juros.Common.DataCreate\Juros.Common.DataCreate.csproj", "{FC73EB14-71AE-4E65-9C52-9E19D0EE69F4}"
EndProject
Project("{9A19103F-16F7-4668-BE54-9A1E7A4F7556}") = "Juros.Services.Tests", "Juros.Services.Tests\Juros.Services.Tests.csproj", "{E0A0B107-E813-4CFA-9C0D-3A3F7CBE1EE9}"
EndProject
Project("{FAE04EC0-301F-11D3-BF4B-00C04F79EFBC}") = "Juros.Api.Tests", "Juros.Api.Tests\Juros.Api.Tests.csproj", "{58A067FD-EFAA-4D81-ABC9-008DEA5E4468}"
EndProject
Project("{FAE04EC0-301F-11D3-BF4B-00C04F79EFBC}") = "Juros.DataStore.Tests", "Juros.DataStore.Tests\Juros.DataStore.Tests.csproj", "{26B9B878-C90F-44DC-ACA9-157FD95AFB00}"
EndProject
Global
	GlobalSection(SolutionConfigurationPlatforms) = preSolution
		Debug|Any CPU = Debug|Any CPU
		Release|Any CPU = Release|Any CPU
	EndGlobalSection
	GlobalSection(ProjectConfigurationPlatforms) = postSolution
		{06455E6D-A652-4FB2-B854-29D00A5703A7}.Debug|Any CPU.ActiveCfg = Debug|Any CPU
		{06455E6D-A652-4FB2-B854-29D00A5703A7}.Debug|Any CPU.Build.0 = Debug|Any CPU
		{06455E6D-A652-4FB2-B854-29D00A5703A7}.Release|Any CPU.ActiveCfg = Release|Any CPU
		{06455E6D-A652-4FB2-B854-29D00A5703A7}.Release|Any CPU.Build.0 = Release|Any CPU
		{47DA9E53-DD44-4DAB-963E-115890247560}.Debug|Any CPU.ActiveCfg = Debug|Any CPU
		{47DA9E53-DD44-4DAB-963E-115890247560}.Debug|Any CPU.Build.0 = Debug|Any CPU
		{47DA9E53-DD44-4DAB-963E-115890247560}.Release|Any CPU.ActiveCfg = Release|Any CPU
		{47DA9E53-DD44-4DAB-963E-115890247560}.Release|Any CPU.Build.0 = Release|Any CPU
		{A24D0030-CB0B-4131-A60F-4C65E2141855}.Debug|Any CPU.ActiveCfg = Debug|Any CPU
		{A24D0030-CB0B-4131-A60F-4C65E2141855}.Debug|Any CPU.Build.0 = Debug|Any CPU
		{A24D0030-CB0B-4131-A60F-4C65E2141855}.Release|Any CPU.ActiveCfg = Release|Any CPU
		{A24D0030-CB0B-4131-A60F-4C65E2141855}.Release|Any CPU.Build.0 = Release|Any CPU
		{6BA7F3F0-7599-4435-9F18-FE73B88BAD98}.Debug|Any CPU.ActiveCfg = Debug|Any CPU
		{6BA7F3F0-7599-4435-9F18-FE73B88BAD98}.Debug|Any CPU.Build.0 = Debug|Any CPU
		{6BA7F3F0-7599-4435-9F18-FE73B88BAD98}.Release|Any CPU.ActiveCfg = Release|Any CPU
		{6BA7F3F0-7599-4435-9F18-FE73B88BAD98}.Release|Any CPU.Build.0 = Release|Any CPU
		{77A26698-617E-492C-9E2F-59CD5DD8A86A}.Debug|Any CPU.ActiveCfg = Debug|Any CPU
		{77A26698-617E-492C-9E2F-59CD5DD8A86A}.Debug|Any CPU.Build.0 = Debug|Any CPU
		{77A26698-617E-492C-9E2F-59CD5DD8A86A}.Release|Any CPU.ActiveCfg = Release|Any CPU
		{77A26698-617E-492C-9E2F-59CD5DD8A86A}.Release|Any CPU.Build.0 = Release|Any CPU
		{FC73EB14-71AE-4E65-9C52-9E19D0EE69F4}.Debug|Any CPU.ActiveCfg = Debug|Any CPU
		{FC73EB14-71AE-4E65-9C52-9E19D0EE69F4}.Debug|Any CPU.Build.0 = Debug|Any CPU
		{FC73EB14-71AE-4E65-9C52-9E19D0EE69F4}.Release|Any CPU.ActiveCfg = Release|Any CPU
		{FC73EB14-71AE-4E65-9C52-9E19D0EE69F4}.Release|Any CPU.Build.0 = Release|Any CPU
		{E0A0B107-E813-4CFA-9C0D-3A3F7CBE1EE9}.Debug|Any CPU.ActiveCfg = Debug|Any CPU
		{E0A0B107-E813-4CFA-9C0D-3A3F7CBE1EE9}.Debug|Any CPU.Build.0 = Debug|Any CPU
		{E0A0B107-E813-4CFA-9C0D-3A3F7CBE1EE9}.Release|Any CPU.ActiveCfg = Release|Any CPU
		{E0A0B107-E813-4CFA-9C0D-3A3F7CBE1EE9}.Release|Any CPU.Build.0 = Release|Any CPU
		{58A067FD-EFAA-4D81-ABC9-008DEA5E4468}.Debug|Any CPU.ActiveCfg = Debug|Any CPU
		{58A067FD-EFAA-4D81-ABC9-008DEA5E4468}.Debug|Any CPU.Build.0 = Debug|Any CPU
		{58A067FD-EFAA-4D81-ABC9-008DEA5E4468}.Release|Any CPU.ActiveCfg = Release|Any CPU
		{58A067FD-EFAA-4D81-ABC9-008DEA5E4468}.Release|Any CPU.Build.0 = Release|Any CPU
		{26B9B878-C90F-44DC-ACA9-157FD95AFB00}.Debug|Any CPU.ActiveCfg = Debug|Any CPU
		{26B9B878-C90F-44DC-ACA9-157FD95AFB00}.Debug|Any CPU.Build.0 = Debug|Any CPU
		{26B9B878-C90F-44DC-ACA9-157FD95AFB00}.Release|Any CPU.ActiveCfg = Release|Any CPU
		{26B9B878-C90F-44DC-ACA9-157FD95AFB00}.Release|Any CPU.Build.0 = Release|Any CPU
	EndGlobalSection
	GlobalSection(SolutionProperties) = preSolution
		HideSolutionNode = FALSE
	EndGlobalSection
	GlobalSection(NestedProjects) = preSolution
		{6BA7F3F0-7599-4435-9F18-FE73B88BAD98} = {43576DB7-621B-45EB-A90A-CB9F03CFE107}
		{CE34D92E-5F33-490F-B566-E9B78AA18FBA} = {43576DB7-621B-45EB-A90A-CB9F03CFE107}
		{FC73EB14-71AE-4E65-9C52-9E19D0EE69F4} = {CE34D92E-5F33-490F-B566-E9B78AA18FBA}
		{E0A0B107-E813-4CFA-9C0D-3A3F7CBE1EE9} = {43576DB7-621B-45EB-A90A-CB9F03CFE107}
		{58A067FD-EFAA-4D81-ABC9-008DEA5E4468} = {43576DB7-621B-45EB-A90A-CB9F03CFE107}
		{26B9B878-C90F-44DC-ACA9-157FD95AFB00} = {43576DB7-621B-45EB-A90A-CB9F03CFE107}
	EndGlobalSection
	GlobalSection(ExtensibilityGlobals) = postSolution
		SolutionGuid = {5575C90B-1244-4EE3-8589-165EC5FF4FA9}
	EndGlobalSection
EndGlobal
